
Microsoft Visual Studio Solution File, Format Version 12.00
# Visual Studio Version 16
VisualStudioVersion = 16.0.29709.97
MinimumVisualStudioVersion = 10.0.40219.1
Project("{FAE04EC0-301F-11D3-BF4B-00C04F79EFBC}") = "D2D_simulation", "D2D_simulation\D2D_simulation.csproj", "{7AC2E069-FD53-4088-AF0C-B0A99154528E}"
EndProject
Global
	GlobalSection(SolutionConfigurationPlatforms) = preSolution
		Debug|Any CPU = Debug|Any CPU
		Release|Any CPU = Release|Any CPU
	EndGlobalSection
	GlobalSection(ProjectConfigurationPlatforms) = postSolution
		{7AC2E069-FD53-4088-AF0C-B0A99154528E}.Debug|Any CPU.ActiveCfg = Debug|Any CPU
		{7AC2E069-FD53-4088-AF0C-B0A99154528E}.Debug|Any CPU.Build.0 = Debug|Any CPU
		{7AC2E069-FD53-4088-AF0C-B0A99154528E}.Release|Any CPU.ActiveCfg = Release|Any CPU
		{7AC2E069-FD53-4088-AF0C-B0A99154528E}.Release|Any CPU.Build.0 = Release|Any CPU
	EndGlobalSection
	GlobalSection(SolutionProperties) = preSolution
		HideSolutionNode = FALSE
	EndGlobalSection
	GlobalSection(ExtensibilityGlobals) = postSolution
		SolutionGuid = {8A5B7A25-51FD-4588-9867-E12FF5870D18}
	EndGlobalSection
EndGlobal
